{
  "name": "@digitalnative/lumen-error",
  "version": "0.0.0",
  "lockfileVersion": 1,
  "requires": true,
  "dependencies": {
    "extendable-error": {
      "version": "0.1.7",
      "resolved": "https://registry.npmjs.org/extendable-error/-/extendable-error-0.1.7.tgz",
      "integrity": "sha512-UOiS2in6/Q0FK0R0q6UY9vYpQ21mr/Qn1KOnte7vsACuNJf514WvCCUHSRCPcgjPT2bAhNIJdlE6bVap1GKmeg=="
    }
  }
}
